
Microsoft Visual Studio Solution File, Format Version 12.00
# Visual Studio Version 17
VisualStudioVersion = 17.6.33513.286
MinimumVisualStudioVersion = 10.0.40219.1
Project("{9A19103F-16F7-4668-BE54-9A1E7A4F7556}") = "CredentialProvider", "src\CredentialProvider\CredentialProvider.csproj", "{FEE279B8-0A95-428E-907B-1570AA0108F1}"
EndProject
Global
	GlobalSection(SolutionConfigurationPlatforms) = preSolution
		Debug|Any CPU = Debug|Any CPU
		Release|Any CPU = Release|Any CPU
	EndGlobalSection
	GlobalSection(ProjectConfigurationPlatforms) = postSolution
		{FEE279B8-0A95-428E-907B-1570AA0108F1}.Debug|Any CPU.ActiveCfg = Debug|Any CPU
		{FEE279B8-0A95-428E-907B-1570AA0108F1}.Debug|Any CPU.Build.0 = Debug|Any CPU
		{FEE279B8-0A95-428E-907B-1570AA0108F1}.Release|Any CPU.ActiveCfg = Release|Any CPU
		{FEE279B8-0A95-428E-907B-1570AA0108F1}.Release|Any CPU.Build.0 = Release|Any CPU
	EndGlobalSection
	GlobalSection(SolutionProperties) = preSolution
		HideSolutionNode = FALSE
	EndGlobalSection
	GlobalSection(ExtensibilityGlobals) = postSolution
		SolutionGuid = {3551708C-8A27-4C11-8BF4-3B2DDE5607A8}
	EndGlobalSection
EndGlobal
