
Microsoft Visual Studio Solution File, Format Version 12.00
# Visual Studio Version 17
VisualStudioVersion = 17.6.33513.286
MinimumVisualStudioVersion = 10.0.40219.1
Project("{9A19103F-16F7-4668-BE54-9A1E7A4F7556}") = "CredentialProvider", "src\CredentialProvider\CredentialProvider.csproj", "{FEE279B8-0A95-428E-907B-1570AA0108F1}"
EndProject
Project("{2150E333-8FDC-42A3-9474-1A3956D46DE8}") = "src", "src", "{23B976FE-4A61-444B-A81D-D5B8C1ADDD57}"
EndProject
Project("{2150E333-8FDC-42A3-9474-1A3956D46DE8}") = "test", "test", "{CB7DD442-C532-46C9-A493-263216E8714B}"
EndProject
Project("{9A19103F-16F7-4668-BE54-9A1E7A4F7556}") = "TestPackageSource", "test\TestPackageSource\TestPackageSource.csproj", "{63AE13AC-C55E-40FE-AB2E-1CCA831722F3}"
EndProject
Project("{2150E333-8FDC-42A3-9474-1A3956D46DE8}") = "Solution Items", "Solution Items", "{78AC3665-A5DC-44A2-B671-FFA6075E4A5C}"
	ProjectSection(SolutionItems) = preProject
		.editorconfig = .editorconfig
		Directory.Packages.props = Directory.Packages.props
		NuGet.Config = NuGet.Config
		README.md = README.md
	EndProjectSection
EndProject
Global
	GlobalSection(SolutionConfigurationPlatforms) = preSolution
		Debug|Any CPU = Debug|Any CPU
		Release|Any CPU = Release|Any CPU
	EndGlobalSection
	GlobalSection(ProjectConfigurationPlatforms) = postSolution
		{FEE279B8-0A95-428E-907B-1570AA0108F1}.Debug|Any CPU.ActiveCfg = Debug|Any CPU
		{FEE279B8-0A95-428E-907B-1570AA0108F1}.Debug|Any CPU.Build.0 = Debug|Any CPU
		{FEE279B8-0A95-428E-907B-1570AA0108F1}.Release|Any CPU.ActiveCfg = Release|Any CPU
		{FEE279B8-0A95-428E-907B-1570AA0108F1}.Release|Any CPU.Build.0 = Release|Any CPU
		{63AE13AC-C55E-40FE-AB2E-1CCA831722F3}.Debug|Any CPU.ActiveCfg = Debug|Any CPU
		{63AE13AC-C55E-40FE-AB2E-1CCA831722F3}.Debug|Any CPU.Build.0 = Debug|Any CPU
		{63AE13AC-C55E-40FE-AB2E-1CCA831722F3}.Release|Any CPU.ActiveCfg = Release|Any CPU
		{63AE13AC-C55E-40FE-AB2E-1CCA831722F3}.Release|Any CPU.Build.0 = Release|Any CPU
	EndGlobalSection
	GlobalSection(SolutionProperties) = preSolution
		HideSolutionNode = FALSE
	EndGlobalSection
	GlobalSection(NestedProjects) = preSolution
		{FEE279B8-0A95-428E-907B-1570AA0108F1} = {23B976FE-4A61-444B-A81D-D5B8C1ADDD57}
		{63AE13AC-C55E-40FE-AB2E-1CCA831722F3} = {CB7DD442-C532-46C9-A493-263216E8714B}
	EndGlobalSection
	GlobalSection(ExtensibilityGlobals) = postSolution
		SolutionGuid = {3551708C-8A27-4C11-8BF4-3B2DDE5607A8}
	EndGlobalSection
EndGlobal
